
Microsoft Visual Studio Solution File, Format Version 12.00
# Visual Studio Version 17
VisualStudioVersion = 17.4.33403.182
MinimumVisualStudioVersion = 10.0.40219.1
Project("{888888A0-9F3D-457C-B088-3A5042F75D52}") = "Web Scraping practice", "Web Scraping practice\Web Scraping practice.pyproj", "{724C2F23-7E90-4388-92EA-9F3A94D4A304}"
EndProject
Global
	GlobalSection(SolutionConfigurationPlatforms) = preSolution
		Debug|Any CPU = Debug|Any CPU
		Release|Any CPU = Release|Any CPU
	EndGlobalSection
	GlobalSection(ProjectConfigurationPlatforms) = postSolution
		{724C2F23-7E90-4388-92EA-9F3A94D4A304}.Debug|Any CPU.ActiveCfg = Debug|Any CPU
		{724C2F23-7E90-4388-92EA-9F3A94D4A304}.Release|Any CPU.ActiveCfg = Release|Any CPU
	EndGlobalSection
	GlobalSection(SolutionProperties) = preSolution
		HideSolutionNode = FALSE
	EndGlobalSection
	GlobalSection(ExtensibilityGlobals) = postSolution
		SolutionGuid = {2835F8C7-7543-4CA5-A453-BB016350C654}
	EndGlobalSection
EndGlobal
